// !$*UTF8*$!
{
	archiveVersion = 1;
	classes = {
	};
	objectVersion = 50;
	objects = {

/* Begin PBXBuildFile section */
		895FEC8A3D91F25C2304EBF3 /* Pods_Restorani_preko_koda.framework in Frameworks */ = {isa = PBXBuildFile; fileRef = 0642F21EBB1003BDB8269F61 /* Pods_Restorani_preko_koda.framework */; };
		DA3DCC28213BFDA10098B952 /* AppDelegate.swift in Sources */ = {isa = PBXBuildFile; fileRef = DA3DCC27213BFDA10098B952 /* AppDelegate.swift */; };
		DA3DCC2A213BFDA10098B952 /* TabBarController.swift in Sources */ = {isa = PBXBuildFile; fileRef = DA3DCC29213BFDA10098B952 /* TabBarController.swift */; };
		DA3DCC2F213BFDA20098B952 /* Assets.xcassets in Resources */ = {isa = PBXBuildFile; fileRef = DA3DCC2E213BFDA20098B952 /* Assets.xcassets */; };
		DA3DCC32213BFDA20098B952 /* LaunchScreen.storyboard in Resources */ = {isa = PBXBuildFile; fileRef = DA3DCC30213BFDA20098B952 /* LaunchScreen.storyboard */; };
		DA3DCC3A213BFFAC0098B952 /* LounchViewController.swift in Sources */ = {isa = PBXBuildFile; fileRef = DA3DCC39213BFFAC0098B952 /* LounchViewController.swift */; };
		DA3DCC3C213BFFC20098B952 /* InternetViewController.swift in Sources */ = {isa = PBXBuildFile; fileRef = DA3DCC3B213BFFC20098B952 /* InternetViewController.swift */; };
		DA3DCC3E213C476C0098B952 /* RestauranCell.swift in Sources */ = {isa = PBXBuildFile; fileRef = DA3DCC3D213C476C0098B952 /* RestauranCell.swift */; };
		DA3DCC40213C690B0098B952 /* Objekat za netvorking.swift in Sources */ = {isa = PBXBuildFile; fileRef = DA3DCC3F213C690B0098B952 /* Objekat za netvorking.swift */; };
		DA3DCC42213D72D60098B952 /* MapView.swift in Sources */ = {isa = PBXBuildFile; fileRef = DA3DCC41213D72D60098B952 /* MapView.swift */; };
		DA3DCC44213EF8EC0098B952 /* AllRestarantsController.swift in Sources */ = {isa = PBXBuildFile; fileRef = DA3DCC43213EF8EB0098B952 /* AllRestarantsController.swift */; };
/* End PBXBuildFile section */

/* Begin PBXFileReference section */
		0642F21EBB1003BDB8269F61 /* Pods_Restorani_preko_koda.framework */ = {isa = PBXFileReference; explicitFileType = wrapper.framework; includeInIndex = 0; path = Pods_Restorani_preko_koda.framework; sourceTree = BUILT_PRODUCTS_DIR; };
		81C1690B82F858EDC3DD92FE /* Pods-Restorani preko koda.release.xcconfig */ = {isa = PBXFileReference; includeInIndex = 1; lastKnownFileType = text.xcconfig; name = "Pods-Restorani preko koda.release.xcconfig"; path = "Pods/Target Support Files/Pods-Restorani preko koda/Pods-Restorani preko koda.release.xcconfig"; sourceTree = "<group>"; };
		DA3DCC24213BFDA10098B952 /* Restorani preko koda.app */ = {isa = PBXFileReference; explicitFileType = wrapper.application; includeInIndex = 0; path = "Restorani preko koda.app"; sourceTree = BUILT_PRODUCTS_DIR; };
		DA3DCC27213BFDA10098B952 /* AppDelegate.swift */ = {isa = PBXFileReference; lastKnownFileType = sourcecode.swift; path = AppDelegate.swift; sourceTree = "<group>"; };
		DA3DCC29213BFDA10098B952 /* TabBarController.swift */ = {isa = PBXFileReference; lastKnownFileType = sourcecode.swift; path = TabBarController.swift; sourceTree = "<group>"; };
		DA3DCC2E213BFDA20098B952 /* Assets.xcassets */ = {isa = PBXFileReference; lastKnownFileType = folder.assetcatalog; path = Assets.xcassets; sourceTree = "<group>"; };
		DA3DCC31213BFDA20098B952 /* Base */ = {isa = PBXFileReference; lastKnownFileType = file.storyboard; name = Base; path = Base.lproj/LaunchScreen.storyboard; sourceTree = "<group>"; };
		DA3DCC33213BFDA20098B952 /* Info.plist */ = {isa = PBXFileReference; lastKnownFileType = text.plist.xml; path = Info.plist; sourceTree = "<group>"; };
		DA3DCC39213BFFAC0098B952 /* LounchViewController.swift */ = {isa = PBXFileReference; lastKnownFileType = sourcecode.swift; path = LounchViewController.swift; sourceTree = "<group>"; };
		DA3DCC3B213BFFC20098B952 /* InternetViewController.swift */ = {isa = PBXFileReference; lastKnownFileType = sourcecode.swift; path = InternetViewController.swift; sourceTree = "<group>"; };
		DA3DCC3D213C476C0098B952 /* RestauranCell.swift */ = {isa = PBXFileReference; lastKnownFileType = sourcecode.swift; path = RestauranCell.swift; sourceTree = "<group>"; };
		DA3DCC3F213C690B0098B952 /* Objekat za netvorking.swift */ = {isa = PBXFileReference; lastKnownFileType = sourcecode.swift; path = "Objekat za netvorking.swift"; sourceTree = "<group>"; };
		DA3DCC41213D72D60098B952 /* MapView.swift */ = {isa = PBXFileReference; lastKnownFileType = sourcecode.swift; path = MapView.swift; sourceTree = "<group>"; };
		DA3DCC43213EF8EB0098B952 /* AllRestarantsController.swift */ = {isa = PBXFileReference; lastKnownFileType = sourcecode.swift; path = AllRestarantsController.swift; sourceTree = "<group>"; };
		DB907660A3450F34E98D0BD4 /* Pods-Restorani preko koda.debug.xcconfig */ = {isa = PBXFileReference; includeInIndex = 1; lastKnownFileType = text.xcconfig; name = "Pods-Restorani preko koda.debug.xcconfig"; path = "Pods/Target Support Files/Pods-Restorani preko koda/Pods-Restorani preko koda.debug.xcconfig"; sourceTree = "<group>"; };
/* End PBXFileReference section */

/* Begin PBXFrameworksBuildPhase section */
		DA3DCC21213BFDA10098B952 /* Frameworks */ = {
			isa = PBXFrameworksBuildPhase;
			buildActionMask = 2147483647;
			files = (
				895FEC8A3D91F25C2304EBF3 /* Pods_Restorani_preko_koda.framework in Frameworks */,
			);
			runOnlyForDeploymentPostprocessing = 0;
		};
/* End PBXFrameworksBuildPhase section */

/* Begin PBXGroup section */
		B399666A59A34C897F756D61 /* Pods */ = {
			isa = PBXGroup;
			children = (
				DB907660A3450F34E98D0BD4 /* Pods-Restorani preko koda.debug.xcconfig */,
				81C1690B82F858EDC3DD92FE /* Pods-Restorani preko koda.release.xcconfig */,
			);
			name = Pods;
			sourceTree = "<group>";
		};
		DA3DCC1B213BFDA10098B952 = {
			isa = PBXGroup;
			children = (
				DA3DCC26213BFDA10098B952 /* Restorani preko koda */,
				DA3DCC25213BFDA10098B952 /* Products */,
				B399666A59A34C897F756D61 /* Pods */,
				F9C30889BD974D8E2DDE97AF /* Frameworks */,
			);
			sourceTree = "<group>";
		};
		DA3DCC25213BFDA10098B952 /* Products */ = {
			isa = PBXGroup;
			children = (
				DA3DCC24213BFDA10098B952 /* Restorani preko koda.app */,
			);
			name = Products;
			sourceTree = "<group>";
		};
		DA3DCC26213BFDA10098B952 /* Restorani preko koda */ = {
			isa = PBXGroup;
			children = (
				DA3DCC27213BFDA10098B952 /* AppDelegate.swift */,
				DA3DCC3F213C690B0098B952 /* Objekat za netvorking.swift */,
				DA3DCC29213BFDA10098B952 /* TabBarController.swift */,
				DA3DCC39213BFFAC0098B952 /* LounchViewController.swift */,
				DA3DCC43213EF8EB0098B952 /* AllRestarantsController.swift */,
				DA3DCC41213D72D60098B952 /* MapView.swift */,
				DA3DCC3D213C476C0098B952 /* RestauranCell.swift */,
				DA3DCC3B213BFFC20098B952 /* InternetViewController.swift */,
				DA3DCC30213BFDA20098B952 /* LaunchScreen.storyboard */,
				DA3DCC33213BFDA20098B952 /* Info.plist */,
				DA3DCC2E213BFDA20098B952 /* Assets.xcassets */,
			);
			path = "Restorani preko koda";
			sourceTree = "<group>";
		};
		F9C30889BD974D8E2DDE97AF /* Frameworks */ = {
			isa = PBXGroup;
			children = (
				0642F21EBB1003BDB8269F61 /* Pods_Restorani_preko_koda.framework */,
			);
			name = Frameworks;
			sourceTree = "<group>";
		};
/* End PBXGroup section */

/* Begin PBXNativeTarget section */
		DA3DCC23213BFDA10098B952 /* Restorani preko koda */ = {
			isa = PBXNativeTarget;
			buildConfigurationList = DA3DCC36213BFDA20098B952 /* Build configuration list for PBXNativeTarget "Restorani preko koda" */;
			buildPhases = (
				44CAF3D8BA412D56D217E04B /* [CP] Check Pods Manifest.lock */,
				DA3DCC20213BFDA10098B952 /* Sources */,
				DA3DCC21213BFDA10098B952 /* Frameworks */,
				DA3DCC22213BFDA10098B952 /* Resources */,
				30DD38D82ABEA2A9D018A4C9 /* [CP] Embed Pods Frameworks */,
			);
			buildRules = (
			);
			dependencies = (
			);
			name = "Restorani preko koda";
			productName = "Restorani preko koda";
			productReference = DA3DCC24213BFDA10098B952 /* Restorani preko koda.app */;
			productType = "com.apple.product-type.application";
		};
/* End PBXNativeTarget section */

/* Begin PBXProject section */
		DA3DCC1C213BFDA10098B952 /* Project object */ = {
			isa = PBXProject;
			attributes = {
				LastSwiftUpdateCheck = 0940;
				LastUpgradeCheck = 0940;
				ORGANIZATIONNAME = "Jovana Jovovic";
				TargetAttributes = {
					DA3DCC23213BFDA10098B952 = {
						CreatedOnToolsVersion = 9.4.1;
					};
				};
			};
			buildConfigurationList = DA3DCC1F213BFDA10098B952 /* Build configuration list for PBXProject "Restorani preko koda" */;
			compatibilityVersion = "Xcode 9.3";
			developmentRegion = en;
			hasScannedForEncodings = 0;
			knownRegions = (
				en,
				Base,
			);
			mainGroup = DA3DCC1B213BFDA10098B952;
			productRefGroup = DA3DCC25213BFDA10098B952 /* Products */;
			projectDirPath = "";
			projectRoot = "";
			targets = (
				DA3DCC23213BFDA10098B952 /* Restorani preko koda */,
			);
		};
/* End PBXProject section */

/* Begin PBXResourcesBuildPhase section */
		DA3DCC22213BFDA10098B952 /* Resources */ = {
			isa = PBXResourcesBuildPhase;
			buildActionMask = 2147483647;
			files = (
				DA3DCC32213BFDA20098B952 /* LaunchScreen.storyboard in Resources */,
				DA3DCC2F213BFDA20098B952 /* Assets.xcassets in Resources */,
			);
			runOnlyForDeploymentPostprocessing = 0;
		};
/* End PBXResourcesBuildPhase section */

/* Begin PBXShellScriptBuildPhase section */
		30DD38D82ABEA2A9D018A4C9 /* [CP] Embed Pods Frameworks */ = {
			isa = PBXShellScriptBuildPhase;
			buildActionMask = 2147483647;
			files = (
			);
			inputPaths = (
				"${SRCROOT}/Pods/Target Support Files/Pods-Restorani preko koda/Pods-Restorani preko koda-frameworks.sh",
				"${BUILT_PRODUCTS_DIR}/Kingfisher/Kingfisher.framework",
				"${BUILT_PRODUCTS_DIR}/LBTAComponents/LBTAComponents.framework",
			);
			name = "[CP] Embed Pods Frameworks";
			outputPaths = (
				"${TARGET_BUILD_DIR}/${FRAMEWORKS_FOLDER_PATH}/Kingfisher.framework",
				"${TARGET_BUILD_DIR}/${FRAMEWORKS_FOLDER_PATH}/LBTAComponents.framework",
			);
			runOnlyForDeploymentPostprocessing = 0;
			shellPath = /bin/sh;
			shellScript = "\"${SRCROOT}/Pods/Target Support Files/Pods-Restorani preko koda/Pods-Restorani preko koda-frameworks.sh\"\n";
			showEnvVarsInLog = 0;
		};
		44CAF3D8BA412D56D217E04B /* [CP] Check Pods Manifest.lock */ = {
			isa = PBXShellScriptBuildPhase;
			buildActionMask = 2147483647;
			files = (
			);
			inputPaths = (
				"${PODS_PODFILE_DIR_PATH}/Podfile.lock",
				"${PODS_ROOT}/Manifest.lock",
			);
			name = "[CP] Check Pods Manifest.lock";
			outputPaths = (
				"$(DERIVED_FILE_DIR)/Pods-Restorani preko koda-checkManifestLockResult.txt",
			);
			runOnlyForDeploymentPostprocessing = 0;
			shellPath = /bin/sh;
			shellScript = "diff \"${PODS_PODFILE_DIR_PATH}/Podfile.lock\" \"${PODS_ROOT}/Manifest.lock\" > /dev/null\nif [ $? != 0 ] ; then\n    # print error to STDERR\n    echo \"error: The sandbox is not in sync with the Podfile.lock. Run 'pod install' or update your CocoaPods installation.\" >&2\n    exit 1\nfi\n# This output is used by Xcode 'outputs' to avoid re-running this script phase.\necho \"SUCCESS\" > \"${SCRIPT_OUTPUT_FILE_0}\"\n";
			showEnvVarsInLog = 0;
		};
/* End PBXShellScriptBuildPhase section */

/* Begin PBXSourcesBuildPhase section */
		DA3DCC20213BFDA10098B952 /* Sources */ = {
			isa = PBXSourcesBuildPhase;
			buildActionMask = 2147483647;
			files = (
				DA3DCC42213D72D60098B952 /* MapView.swift in Sources */,
				DA3DCC2A213BFDA10098B952 /* TabBarController.swift in Sources */,
				DA3DCC28213BFDA10098B952 /* AppDelegate.swift in Sources */,
				DA3DCC40213C690B0098B952 /* Objekat za netvorking.swift in Sources */,
				DA3DCC3A213BFFAC0098B952 /* LounchViewController.swift in Sources */,
				DA3DCC3C213BFFC20098B952 /* InternetViewController.swift in Sources */,
				DA3DCC3E213C476C0098B952 /* RestauranCell.swift in Sources */,
				DA3DCC44213EF8EC0098B952 /* AllRestarantsController.swift in Sources */,
			);
			runOnlyForDeploymentPostprocessing = 0;
		};
/* End PBXSourcesBuildPhase section */

/* Begin PBXVariantGroup section */
		DA3DCC30213BFDA20098B952 /* LaunchScreen.storyboard */ = {
			isa = PBXVariantGroup;
			children = (
				DA3DCC31213BFDA20098B952 /* Base */,
			);
			name = LaunchScreen.storyboard;
			sourceTree = "<group>";
		};
/* End PBXVariantGroup section */

/* Begin XCBuildConfiguration section */
		DA3DCC34213BFDA20098B952 /* Debug */ = {
			isa = XCBuildConfiguration;
			buildSettings = {
				ALWAYS_SEARCH_USER_PATHS = NO;
				CLANG_ANALYZER_NONNULL = YES;
				CLANG_ANALYZER_NUMBER_OBJECT_CONVERSION = YES_AGGRESSIVE;
				CLANG_CXX_LANGUAGE_STANDARD = "gnu++14";
				CLANG_CXX_LIBRARY = "libc++";
				CLANG_ENABLE_MODULES = YES;
				CLANG_ENABLE_OBJC_ARC = YES;
				CLANG_ENABLE_OBJC_WEAK = YES;
				CLANG_WARN_BLOCK_CAPTURE_AUTORELEASING = YES;
				CLANG_WARN_BOOL_CONVERSION = YES;
				CLANG_WARN_COMMA = YES;
				CLANG_WARN_CONSTANT_CONVERSION = YES;
				CLANG_WARN_DEPRECATED_OBJC_IMPLEMENTATIONS = YES;
				CLANG_WARN_DIRECT_OBJC_ISA_USAGE = YES_ERROR;
				CLANG_WARN_DOCUMENTATION_COMMENTS = YES;
				CLANG_WARN_EMPTY_BODY = YES;
				CLANG_WARN_ENUM_CONVERSION = YES;
				CLANG_WARN_INFINITE_RECURSION = YES;
				CLANG_WARN_INT_CONVERSION = YES;
				CLANG_WARN_NON_LITERAL_NULL_CONVERSION = YES;
				CLANG_WARN_OBJC_IMPLICIT_RETAIN_SELF = YES;
				CLANG_WARN_OBJC_LITERAL_CONVERSION = YES;
				CLANG_WARN_OBJC_ROOT_CLASS = YES_ERROR;
				CLANG_WARN_RANGE_LOOP_ANALYSIS = YES;
				CLANG_WARN_STRICT_PROTOTYPES = YES;
				CLANG_WARN_SUSPICIOUS_MOVE = YES;
				CLANG_WARN_UNGUARDED_AVAILABILITY = YES_AGGRESSIVE;
				CLANG_WARN_UNREACHABLE_CODE = YES;
				CLANG_WARN__DUPLICATE_METHOD_MATCH = YES;
				CODE_SIGN_IDENTITY = "iPhone Developer";
				COPY_PHASE_STRIP = NO;
				DEBUG_INFORMATION_FORMAT = dwarf;
				ENABLE_STRICT_OBJC_MSGSEND = YES;
				ENABLE_TESTABILITY = YES;
				GCC_C_LANGUAGE_STANDARD = gnu11;
				GCC_DYNAMIC_NO_PIC = NO;
				GCC_NO_COMMON_BLOCKS = YES;
				GCC_OPTIMIZATION_LEVEL = 0;
				GCC_PREPROCESSOR_DEFINITIONS = (
					"DEBUG=1",
					"$(inherited)",
				);
				GCC_WARN_64_TO_32_BIT_CONVERSION = YES;
				GCC_WARN_ABOUT_RETURN_TYPE = YES_ERROR;
				GCC_WARN_UNDECLARED_SELECTOR = YES;
				GCC_WARN_UNINITIALIZED_AUTOS = YES_AGGRESSIVE;
				GCC_WARN_UNUSED_FUNCTION = YES;
				GCC_WARN_UNUSED_VARIABLE = YES;
				IPHONEOS_DEPLOYMENT_TARGET = 11.4;
				MTL_ENABLE_DEBUG_INFO = YES;
				ONLY_ACTIVE_ARCH = YES;
				SDKROOT = iphoneos;
				SWIFT_ACTIVE_COMPILATION_CONDITIONS = DEBUG;
				SWIFT_OPTIMIZATION_LEVEL = "-Onone";
			};
			name = Debug;
		};
		DA3DCC35213BFDA20098B952 /* Release */ = {
			isa = XCBuildConfiguration;
			buildSettings = {
				ALWAYS_SEARCH_USER_PATHS = NO;
				CLANG_ANALYZER_NONNULL = YES;
				CLANG_ANALYZER_NUMBER_OBJECT_CONVERSION = YES_AGGRESSIVE;
				CLANG_CXX_LANGUAGE_STANDARD = "gnu++14";
				CLANG_CXX_LIBRARY = "libc++";
				CLANG_ENABLE_MODULES = YES;
				CLANG_ENABLE_OBJC_ARC = YES;
				CLANG_ENABLE_OBJC_WEAK = YES;
				CLANG_WARN_BLOCK_CAPTURE_AUTORELEASING = YES;
				CLANG_WARN_BOOL_CONVERSION = YES;
				CLANG_WARN_COMMA = YES;
				CLANG_WARN_CONSTANT_CONVERSION = YES;
				CLANG_WARN_DEPRECATED_OBJC_IMPLEMENTATIONS = YES;
				CLANG_WARN_DIRECT_OBJC_ISA_USAGE = YES_ERROR;
				CLANG_WARN_DOCUMENTATION_COMMENTS = YES;
				CLANG_WARN_EMPTY_BODY = YES;
				CLANG_WARN_ENUM_CONVERSION = YES;
				CLANG_WARN_INFINITE_RECURSION = YES;
				CLANG_WARN_INT_CONVERSION = YES;
				CLANG_WARN_NON_LITERAL_NULL_CONVERSION = YES;
				CLANG_WARN_OBJC_IMPLICIT_RETAIN_SELF = YES;
				CLANG_WARN_OBJC_LITERAL_CONVERSION = YES;
				CLANG_WARN_OBJC_ROOT_CLASS = YES_ERROR;
				CLANG_WARN_RANGE_LOOP_ANALYSIS = YES;
				CLANG_WARN_STRICT_PROTOTYPES = YES;
				CLANG_WARN_SUSPICIOUS_MOVE = YES;
				CLANG_WARN_UNGUARDED_AVAILABILITY = YES_AGGRESSIVE;
				CLANG_WARN_UNREACHABLE_CODE = YES;
				CLANG_WARN__DUPLICATE_METHOD_MATCH = YES;
				CODE_SIGN_IDENTITY = "iPhone Developer";
				COPY_PHASE_STRIP = NO;
				DEBUG_INFORMATION_FORMAT = "dwarf-with-dsym";
				ENABLE_NS_ASSERTIONS = NO;
				ENABLE_STRICT_OBJC_MSGSEND = YES;
				GCC_C_LANGUAGE_STANDARD = gnu11;
				GCC_NO_COMMON_BLOCKS = YES;
				GCC_WARN_64_TO_32_BIT_CONVERSION = YES;
				GCC_WARN_ABOUT_RETURN_TYPE = YES_ERROR;
				GCC_WARN_UNDECLARED_SELECTOR = YES;
				GCC_WARN_UNINITIALIZED_AUTOS = YES_AGGRESSIVE;
				GCC_WARN_UNUSED_FUNCTION = YES;
				GCC_WARN_UNUSED_VARIABLE = YES;
				IPHONEOS_DEPLOYMENT_TARGET = 11.4;
				MTL_ENABLE_DEBUG_INFO = NO;
				SDKROOT = iphoneos;
				SWIFT_COMPILATION_MODE = wholemodule;
				SWIFT_OPTIMIZATION_LEVEL = "-O";
				VALIDATE_PRODUCT = YES;
			};
			name = Release;
		};
		DA3DCC37213BFDA20098B952 /* Debug */ = {
			isa = XCBuildConfiguration;
			baseConfigurationReference = DB907660A3450F34E98D0BD4 /* Pods-Restorani preko koda.debug.xcconfig */;
			buildSettings = {
				ASSETCATALOG_COMPILER_APPICON_NAME = AppIcon;
				CODE_SIGN_STYLE = Automatic;
				INFOPLIST_FILE = "Restorani preko koda/Info.plist";
				LD_RUNPATH_SEARCH_PATHS = (
					"$(inherited)",
					"@executable_path/Frameworks",
				);
				PRODUCT_BUNDLE_IDENTIFIER = "gogo.yubari.Restorani-preko-koda";
				PRODUCT_NAME = "$(TARGET_NAME)";
				SWIFT_VERSION = 4.0;
				TARGETED_DEVICE_FAMILY = "1,2";
			};
			name = Debug;
		};
		DA3DCC38213BFDA20098B952 /* Release */ = {
			isa = XCBuildConfiguration;
			baseConfigurationReference = 81C1690B82F858EDC3DD92FE /* Pods-Restorani preko koda.release.xcconfig */;
			buildSettings = {
				ASSETCATALOG_COMPILER_APPICON_NAME = AppIcon;
				CODE_SIGN_STYLE = Automatic;
				INFOPLIST_FILE = "Restorani preko koda/Info.plist";
				LD_RUNPATH_SEARCH_PATHS = (
					"$(inherited)",
					"@executable_path/Frameworks",
				);
				PRODUCT_BUNDLE_IDENTIFIER = "gogo.yubari.Restorani-preko-koda";
				PRODUCT_NAME = "$(TARGET_NAME)";
				SWIFT_VERSION = 4.0;
				TARGETED_DEVICE_FAMILY = "1,2";
			};
			name = Release;
		};
/* End XCBuildConfiguration section */

/* Begin XCConfigurationList section */
		DA3DCC1F213BFDA10098B952 /* Build configuration list for PBXProject "Restorani preko koda" */ = {
			isa = XCConfigurationList;
			buildConfigurations = (
				DA3DCC34213BFDA20098B952 /* Debug */,
				DA3DCC35213BFDA20098B952 /* Release */,
			);
			defaultConfigurationIsVisible = 0;
			defaultConfigurationName = Release;
		};
		DA3DCC36213BFDA20098B952 /* Build configuration list for PBXNativeTarget "Restorani preko koda" */ = {
			isa = XCConfigurationList;
			buildConfigurations = (
				DA3DCC37213BFDA20098B952 /* Debug */,
				DA3DCC38213BFDA20098B952 /* Release */,
			);
			defaultConfigurationIsVisible = 0;
			defaultConfigurationName = Release;
		};
/* End XCConfigurationList section */
	};
	rootObject = DA3DCC1C213BFDA10098B952 /* Project object */;
}
